// !$*UTF8*$!
{
	archiveVersion = 1;
	classes = {
	};
	objectVersion = 55;
	objects = {

/* Begin PBXBuildFile section */
		54BE38482740F39B0011F1C9 /* Tests_iOS.swift in Sources */ = {isa = PBXBuildFile; fileRef = 54BE38472740F39B0011F1C9 /* Tests_iOS.swift */; };
		54BE384A2740F39B0011F1C9 /* Tests_iOSLaunchTests.swift in Sources */ = {isa = PBXBuildFile; fileRef = 54BE38492740F39B0011F1C9 /* Tests_iOSLaunchTests.swift */; };
		54BE38542740F39B0011F1C9 /* Tests_macOS.swift in Sources */ = {isa = PBXBuildFile; fileRef = 54BE38532740F39B0011F1C9 /* Tests_macOS.swift */; };
		54BE38562740F39B0011F1C9 /* Tests_macOSLaunchTests.swift in Sources */ = {isa = PBXBuildFile; fileRef = 54BE38552740F39B0011F1C9 /* Tests_macOSLaunchTests.swift */; };
		54BE38572740F39B0011F1C9 /* KeyPlasticSurgeryApp.swift in Sources */ = {isa = PBXBuildFile; fileRef = 54BE382F2740F39A0011F1C9 /* KeyPlasticSurgeryApp.swift */; };
		54BE38582740F39B0011F1C9 /* KeyPlasticSurgeryApp.swift in Sources */ = {isa = PBXBuildFile; fileRef = 54BE382F2740F39A0011F1C9 /* KeyPlasticSurgeryApp.swift */; };
		54BE38592740F39B0011F1C9 /* ContentView.swift in Sources */ = {isa = PBXBuildFile; fileRef = 54BE38302740F39A0011F1C9 /* ContentView.swift */; };
		54BE385A2740F39B0011F1C9 /* ContentView.swift in Sources */ = {isa = PBXBuildFile; fileRef = 54BE38302740F39A0011F1C9 /* ContentView.swift */; };
		54BE385B2740F39B0011F1C9 /* Assets.xcassets in Resources */ = {isa = PBXBuildFile; fileRef = 54BE38312740F39B0011F1C9 /* Assets.xcassets */; };
		54BE385C2740F39B0011F1C9 /* Assets.xcassets in Resources */ = {isa = PBXBuildFile; fileRef = 54BE38312740F39B0011F1C9 /* Assets.xcassets */; };
		54BE386C2740F3D10011F1C9 /* LoginView.swift in Sources */ = {isa = PBXBuildFile; fileRef = 54BE386B2740F3D10011F1C9 /* LoginView.swift */; };
		54BE386D2740F3D10011F1C9 /* LoginView.swift in Sources */ = {isa = PBXBuildFile; fileRef = 54BE386B2740F3D10011F1C9 /* LoginView.swift */; };
		54BE386F2740F9310011F1C9 /* BrandView.swift in Sources */ = {isa = PBXBuildFile; fileRef = 54BE386E2740F9310011F1C9 /* BrandView.swift */; };
		54BE38702740F9310011F1C9 /* BrandView.swift in Sources */ = {isa = PBXBuildFile; fileRef = 54BE386E2740F9310011F1C9 /* BrandView.swift */; };
		54BE38722741F26F0011F1C9 /* AppointmentPreviewView.swift in Sources */ = {isa = PBXBuildFile; fileRef = 54BE38712741F26F0011F1C9 /* AppointmentPreviewView.swift */; };
		54BE38732741F26F0011F1C9 /* AppointmentPreviewView.swift in Sources */ = {isa = PBXBuildFile; fileRef = 54BE38712741F26F0011F1C9 /* AppointmentPreviewView.swift */; };
		54BE3875274379C90011F1C9 /* SelectProcedureView.swift in Sources */ = {isa = PBXBuildFile; fileRef = 54BE3874274379C90011F1C9 /* SelectProcedureView.swift */; };
		54BE3876274379C90011F1C9 /* SelectProcedureView.swift in Sources */ = {isa = PBXBuildFile; fileRef = 54BE3874274379C90011F1C9 /* SelectProcedureView.swift */; };
		54BE3878274380520011F1C9 /* CalendarView.swift in Sources */ = {isa = PBXBuildFile; fileRef = 54BE3877274380520011F1C9 /* CalendarView.swift */; };
		54BE3879274380520011F1C9 /* CalendarView.swift in Sources */ = {isa = PBXBuildFile; fileRef = 54BE3877274380520011F1C9 /* CalendarView.swift */; };
		DDB6F35A27629F7700C67DEC /* ScheduleView.swift in Sources */ = {isa = PBXBuildFile; fileRef = DDB6F35927629F7700C67DEC /* ScheduleView.swift */; };
		DDB6F35B27629F7700C67DEC /* ScheduleView.swift in Sources */ = {isa = PBXBuildFile; fileRef = DDB6F35927629F7700C67DEC /* ScheduleView.swift */; };
		DDB6F35E2762C49700C67DEC /* Appointment.swift in Sources */ = {isa = PBXBuildFile; fileRef = DDB6F35D2762C49700C67DEC /* Appointment.swift */; };
		DDB6F35F2762C49700C67DEC /* Appointment.swift in Sources */ = {isa = PBXBuildFile; fileRef = DDB6F35D2762C49700C67DEC /* Appointment.swift */; };
		DDB6F3612762E54000C67DEC /* ConfirmAppointmentView.swift in Sources */ = {isa = PBXBuildFile; fileRef = DDB6F3602762E53F00C67DEC /* ConfirmAppointmentView.swift */; };
		DDB6F3622762E54000C67DEC /* ConfirmAppointmentView.swift in Sources */ = {isa = PBXBuildFile; fileRef = DDB6F3602762E53F00C67DEC /* ConfirmAppointmentView.swift */; };
/* End PBXBuildFile section */

/* Begin PBXContainerItemProxy section */
		54BE38442740F39B0011F1C9 /* PBXContainerItemProxy */ = {
			isa = PBXContainerItemProxy;
			containerPortal = 54BE382A2740F3990011F1C9 /* Project object */;
			proxyType = 1;
			remoteGlobalIDString = 54BE38352740F39B0011F1C9;
			remoteInfo = "KeyPlasticSurgery (iOS)";
		};
		54BE38502740F39B0011F1C9 /* PBXContainerItemProxy */ = {
			isa = PBXContainerItemProxy;
			containerPortal = 54BE382A2740F3990011F1C9 /* Project object */;
			proxyType = 1;
			remoteGlobalIDString = 54BE383B2740F39B0011F1C9;
			remoteInfo = "KeyPlasticSurgery (macOS)";
		};
/* End PBXContainerItemProxy section */

/* Begin PBXFileReference section */
		54BE382F2740F39A0011F1C9 /* KeyPlasticSurgeryApp.swift */ = {isa = PBXFileReference; lastKnownFileType = sourcecode.swift; path = KeyPlasticSurgeryApp.swift; sourceTree = "<group>"; };
		54BE38302740F39A0011F1C9 /* ContentView.swift */ = {isa = PBXFileReference; lastKnownFileType = sourcecode.swift; path = ContentView.swift; sourceTree = "<group>"; };
		54BE38312740F39B0011F1C9 /* Assets.xcassets */ = {isa = PBXFileReference; lastKnownFileType = folder.assetcatalog; path = Assets.xcassets; sourceTree = "<group>"; };
		54BE38362740F39B0011F1C9 /* KeyPlasticSurgery.app */ = {isa = PBXFileReference; explicitFileType = wrapper.application; includeInIndex = 0; path = KeyPlasticSurgery.app; sourceTree = BUILT_PRODUCTS_DIR; };
		54BE383C2740F39B0011F1C9 /* KeyPlasticSurgery.app */ = {isa = PBXFileReference; explicitFileType = wrapper.application; includeInIndex = 0; path = KeyPlasticSurgery.app; sourceTree = BUILT_PRODUCTS_DIR; };
		54BE383E2740F39B0011F1C9 /* macOS.entitlements */ = {isa = PBXFileReference; lastKnownFileType = text.plist.entitlements; path = macOS.entitlements; sourceTree = "<group>"; };
		54BE38432740F39B0011F1C9 /* Tests iOS.xctest */ = {isa = PBXFileReference; explicitFileType = wrapper.cfbundle; includeInIndex = 0; path = "Tests iOS.xctest"; sourceTree = BUILT_PRODUCTS_DIR; };
		54BE38472740F39B0011F1C9 /* Tests_iOS.swift */ = {isa = PBXFileReference; lastKnownFileType = sourcecode.swift; path = Tests_iOS.swift; sourceTree = "<group>"; };
		54BE38492740F39B0011F1C9 /* Tests_iOSLaunchTests.swift */ = {isa = PBXFileReference; lastKnownFileType = sourcecode.swift; path = Tests_iOSLaunchTests.swift; sourceTree = "<group>"; };
		54BE384F2740F39B0011F1C9 /* Tests macOS.xctest */ = {isa = PBXFileReference; explicitFileType = wrapper.cfbundle; includeInIndex = 0; path = "Tests macOS.xctest"; sourceTree = BUILT_PRODUCTS_DIR; };
		54BE38532740F39B0011F1C9 /* Tests_macOS.swift */ = {isa = PBXFileReference; lastKnownFileType = sourcecode.swift; path = Tests_macOS.swift; sourceTree = "<group>"; };
		54BE38552740F39B0011F1C9 /* Tests_macOSLaunchTests.swift */ = {isa = PBXFileReference; lastKnownFileType = sourcecode.swift; path = Tests_macOSLaunchTests.swift; sourceTree = "<group>"; };
		54BE386B2740F3D10011F1C9 /* LoginView.swift */ = {isa = PBXFileReference; lastKnownFileType = sourcecode.swift; path = LoginView.swift; sourceTree = "<group>"; };
		54BE386E2740F9310011F1C9 /* BrandView.swift */ = {isa = PBXFileReference; lastKnownFileType = sourcecode.swift; path = BrandView.swift; sourceTree = "<group>"; };
		54BE38712741F26F0011F1C9 /* AppointmentPreviewView.swift */ = {isa = PBXFileReference; lastKnownFileType = sourcecode.swift; path = AppointmentPreviewView.swift; sourceTree = "<group>"; };
		54BE3874274379C90011F1C9 /* SelectProcedureView.swift */ = {isa = PBXFileReference; lastKnownFileType = sourcecode.swift; path = SelectProcedureView.swift; sourceTree = "<group>"; };
		54BE3877274380520011F1C9 /* CalendarView.swift */ = {isa = PBXFileReference; lastKnownFileType = sourcecode.swift; path = CalendarView.swift; sourceTree = "<group>"; };
		DDB6F35927629F7700C67DEC /* ScheduleView.swift */ = {isa = PBXFileReference; lastKnownFileType = sourcecode.swift; path = ScheduleView.swift; sourceTree = "<group>"; };
		DDB6F35D2762C49700C67DEC /* Appointment.swift */ = {isa = PBXFileReference; lastKnownFileType = sourcecode.swift; path = Appointment.swift; sourceTree = "<group>"; };
		DDB6F3602762E53F00C67DEC /* ConfirmAppointmentView.swift */ = {isa = PBXFileReference; lastKnownFileType = sourcecode.swift; path = ConfirmAppointmentView.swift; sourceTree = "<group>"; };
/* End PBXFileReference section */

/* Begin PBXFrameworksBuildPhase section */
		54BE38332740F39B0011F1C9 /* Frameworks */ = {
			isa = PBXFrameworksBuildPhase;
			buildActionMask = 2147483647;
			files = (
			);
			runOnlyForDeploymentPostprocessing = 0;
		};
		54BE38392740F39B0011F1C9 /* Frameworks */ = {
			isa = PBXFrameworksBuildPhase;
			buildActionMask = 2147483647;
			files = (
			);
			runOnlyForDeploymentPostprocessing = 0;
		};
		54BE38402740F39B0011F1C9 /* Frameworks */ = {
			isa = PBXFrameworksBuildPhase;
			buildActionMask = 2147483647;
			files = (
			);
			runOnlyForDeploymentPostprocessing = 0;
		};
		54BE384C2740F39B0011F1C9 /* Frameworks */ = {
			isa = PBXFrameworksBuildPhase;
			buildActionMask = 2147483647;
			files = (
			);
			runOnlyForDeploymentPostprocessing = 0;
		};
/* End PBXFrameworksBuildPhase section */

/* Begin PBXGroup section */
		54BE38292740F3990011F1C9 = {
			isa = PBXGroup;
			children = (
				54BE382E2740F39A0011F1C9 /* Shared */,
				54BE383D2740F39B0011F1C9 /* macOS */,
				54BE38462740F39B0011F1C9 /* Tests iOS */,
				54BE38522740F39B0011F1C9 /* Tests macOS */,
				54BE38372740F39B0011F1C9 /* Products */,
			);
			sourceTree = "<group>";
		};
		54BE382E2740F39A0011F1C9 /* Shared */ = {
			isa = PBXGroup;
			children = (
				54BE382F2740F39A0011F1C9 /* KeyPlasticSurgeryApp.swift */,
				54BE38302740F39A0011F1C9 /* ContentView.swift */,
				54BE386B2740F3D10011F1C9 /* LoginView.swift */,
				54BE386E2740F9310011F1C9 /* BrandView.swift */,
				54BE38712741F26F0011F1C9 /* AppointmentPreviewView.swift */,
				54BE3874274379C90011F1C9 /* SelectProcedureView.swift */,
				54BE3877274380520011F1C9 /* CalendarView.swift */,
				DDB6F35927629F7700C67DEC /* ScheduleView.swift */,
				DDB6F3602762E53F00C67DEC /* ConfirmAppointmentView.swift */,
				DDB6F35C2762C49000C67DEC /* Models */,
				54BE38312740F39B0011F1C9 /* Assets.xcassets */,
			);
			path = Shared;
			sourceTree = "<group>";
		};
		54BE38372740F39B0011F1C9 /* Products */ = {
			isa = PBXGroup;
			children = (
				54BE38362740F39B0011F1C9 /* KeyPlasticSurgery.app */,
				54BE383C2740F39B0011F1C9 /* KeyPlasticSurgery.app */,
				54BE38432740F39B0011F1C9 /* Tests iOS.xctest */,
				54BE384F2740F39B0011F1C9 /* Tests macOS.xctest */,
			);
			name = Products;
			sourceTree = "<group>";
		};
		54BE383D2740F39B0011F1C9 /* macOS */ = {
			isa = PBXGroup;
			children = (
				54BE383E2740F39B0011F1C9 /* macOS.entitlements */,
			);
			path = macOS;
			sourceTree = "<group>";
		};
		54BE38462740F39B0011F1C9 /* Tests iOS */ = {
			isa = PBXGroup;
			children = (
				54BE38472740F39B0011F1C9 /* Tests_iOS.swift */,
				54BE38492740F39B0011F1C9 /* Tests_iOSLaunchTests.swift */,
			);
			path = "Tests iOS";
			sourceTree = "<group>";
		};
		54BE38522740F39B0011F1C9 /* Tests macOS */ = {
			isa = PBXGroup;
			children = (
				54BE38532740F39B0011F1C9 /* Tests_macOS.swift */,
				54BE38552740F39B0011F1C9 /* Tests_macOSLaunchTests.swift */,
			);
			path = "Tests macOS";
			sourceTree = "<group>";
		};
		DDB6F35C2762C49000C67DEC /* Models */ = {
			isa = PBXGroup;
			children = (
				DDB6F35D2762C49700C67DEC /* Appointment.swift */,
			);
			path = Models;
			sourceTree = "<group>";
		};
/* End PBXGroup section */

/* Begin PBXNativeTarget section */
		54BE38352740F39B0011F1C9 /* KeyPlasticSurgery (iOS) */ = {
			isa = PBXNativeTarget;
			buildConfigurationList = 54BE385F2740F39B0011F1C9 /* Build configuration list for PBXNativeTarget "KeyPlasticSurgery (iOS)" */;
			buildPhases = (
				54BE38322740F39B0011F1C9 /* Sources */,
				54BE38332740F39B0011F1C9 /* Frameworks */,
				54BE38342740F39B0011F1C9 /* Resources */,
			);
			buildRules = (
			);
			dependencies = (
			);
			name = "KeyPlasticSurgery (iOS)";
			productName = "KeyPlasticSurgery (iOS)";
			productReference = 54BE38362740F39B0011F1C9 /* KeyPlasticSurgery.app */;
			productType = "com.apple.product-type.application";
		};
		54BE383B2740F39B0011F1C9 /* KeyPlasticSurgery (macOS) */ = {
			isa = PBXNativeTarget;
			buildConfigurationList = 54BE38622740F39B0011F1C9 /* Build configuration list for PBXNativeTarget "KeyPlasticSurgery (macOS)" */;
			buildPhases = (
				54BE38382740F39B0011F1C9 /* Sources */,
				54BE38392740F39B0011F1C9 /* Frameworks */,
				54BE383A2740F39B0011F1C9 /* Resources */,
			);
			buildRules = (
			);
			dependencies = (
			);
			name = "KeyPlasticSurgery (macOS)";
			productName = "KeyPlasticSurgery (macOS)";
			productReference = 54BE383C2740F39B0011F1C9 /* KeyPlasticSurgery.app */;
			productType = "com.apple.product-type.application";
		};
		54BE38422740F39B0011F1C9 /* Tests iOS */ = {
			isa = PBXNativeTarget;
			buildConfigurationList = 54BE38652740F39B0011F1C9 /* Build configuration list for PBXNativeTarget "Tests iOS" */;
			buildPhases = (
				54BE383F2740F39B0011F1C9 /* Sources */,
				54BE38402740F39B0011F1C9 /* Frameworks */,
				54BE38412740F39B0011F1C9 /* Resources */,
			);
			buildRules = (
			);
			dependencies = (
				54BE38452740F39B0011F1C9 /* PBXTargetDependency */,
			);
			name = "Tests iOS";
			productName = "Tests iOS";
			productReference = 54BE38432740F39B0011F1C9 /* Tests iOS.xctest */;
			productType = "com.apple.product-type.bundle.ui-testing";
		};
		54BE384E2740F39B0011F1C9 /* Tests macOS */ = {
			isa = PBXNativeTarget;
			buildConfigurationList = 54BE38682740F39B0011F1C9 /* Build configuration list for PBXNativeTarget "Tests macOS" */;
			buildPhases = (
				54BE384B2740F39B0011F1C9 /* Sources */,
				54BE384C2740F39B0011F1C9 /* Frameworks */,
				54BE384D2740F39B0011F1C9 /* Resources */,
			);
			buildRules = (
			);
			dependencies = (
				54BE38512740F39B0011F1C9 /* PBXTargetDependency */,
			);
			name = "Tests macOS";
			productName = "Tests macOS";
			productReference = 54BE384F2740F39B0011F1C9 /* Tests macOS.xctest */;
			productType = "com.apple.product-type.bundle.ui-testing";
		};
/* End PBXNativeTarget section */

/* Begin PBXProject section */
		54BE382A2740F3990011F1C9 /* Project object */ = {
			isa = PBXProject;
			attributes = {
				BuildIndependentTargetsInParallel = 1;
				LastSwiftUpdateCheck = 1310;
				LastUpgradeCheck = 1310;
				TargetAttributes = {
					54BE38352740F39B0011F1C9 = {
						CreatedOnToolsVersion = 13.1;
					};
					54BE383B2740F39B0011F1C9 = {
						CreatedOnToolsVersion = 13.1;
					};
					54BE38422740F39B0011F1C9 = {
						CreatedOnToolsVersion = 13.1;
						TestTargetID = 54BE38352740F39B0011F1C9;
					};
					54BE384E2740F39B0011F1C9 = {
						CreatedOnToolsVersion = 13.1;
						TestTargetID = 54BE383B2740F39B0011F1C9;
					};
				};
			};
			buildConfigurationList = 54BE382D2740F3990011F1C9 /* Build configuration list for PBXProject "KeyPlasticSurgery" */;
			compatibilityVersion = "Xcode 13.0";
			developmentRegion = en;
			hasScannedForEncodings = 0;
			knownRegions = (
				en,
				Base,
			);
			mainGroup = 54BE38292740F3990011F1C9;
			productRefGroup = 54BE38372740F39B0011F1C9 /* Products */;
			projectDirPath = "";
			projectRoot = "";
			targets = (
				54BE38352740F39B0011F1C9 /* KeyPlasticSurgery (iOS) */,
				54BE383B2740F39B0011F1C9 /* KeyPlasticSurgery (macOS) */,
				54BE38422740F39B0011F1C9 /* Tests iOS */,
				54BE384E2740F39B0011F1C9 /* Tests macOS */,
			);
		};
/* End PBXProject section */

/* Begin PBXResourcesBuildPhase section */
		54BE38342740F39B0011F1C9 /* Resources */ = {
			isa = PBXResourcesBuildPhase;
			buildActionMask = 2147483647;
			files = (
				54BE385B2740F39B0011F1C9 /* Assets.xcassets in Resources */,
			);
			runOnlyForDeploymentPostprocessing = 0;
		};
		54BE383A2740F39B0011F1C9 /* Resources */ = {
			isa = PBXResourcesBuildPhase;
			buildActionMask = 2147483647;
			files = (
				54BE385C2740F39B0011F1C9 /* Assets.xcassets in Resources */,
			);
			runOnlyForDeploymentPostprocessing = 0;
		};
		54BE38412740F39B0011F1C9 /* Resources */ = {
			isa = PBXResourcesBuildPhase;
			buildActionMask = 2147483647;
			files = (
			);
			runOnlyForDeploymentPostprocessing = 0;
		};
		54BE384D2740F39B0011F1C9 /* Resources */ = {
			isa = PBXResourcesBuildPhase;
			buildActionMask = 2147483647;
			files = (
			);
			runOnlyForDeploymentPostprocessing = 0;
		};
/* End PBXResourcesBuildPhase section */

/* Begin PBXSourcesBuildPhase section */
		54BE38322740F39B0011F1C9 /* Sources */ = {
			isa = PBXSourcesBuildPhase;
			buildActionMask = 2147483647;
			files = (
				54BE386F2740F9310011F1C9 /* BrandView.swift in Sources */,
				54BE3878274380520011F1C9 /* CalendarView.swift in Sources */,
				54BE386C2740F3D10011F1C9 /* LoginView.swift in Sources */,
				DDB6F35E2762C49700C67DEC /* Appointment.swift in Sources */,
				54BE3875274379C90011F1C9 /* SelectProcedureView.swift in Sources */,
				54BE38592740F39B0011F1C9 /* ContentView.swift in Sources */,
				DDB6F35A27629F7700C67DEC /* ScheduleView.swift in Sources */,
				DDB6F3612762E54000C67DEC /* ConfirmAppointmentView.swift in Sources */,
				54BE38722741F26F0011F1C9 /* AppointmentPreviewView.swift in Sources */,
				54BE38572740F39B0011F1C9 /* KeyPlasticSurgeryApp.swift in Sources */,
			);
			runOnlyForDeploymentPostprocessing = 0;
		};
		54BE38382740F39B0011F1C9 /* Sources */ = {
			isa = PBXSourcesBuildPhase;
			buildActionMask = 2147483647;
			files = (
				54BE38702740F9310011F1C9 /* BrandView.swift in Sources */,
				54BE3879274380520011F1C9 /* CalendarView.swift in Sources */,
				54BE386D2740F3D10011F1C9 /* LoginView.swift in Sources */,
				DDB6F35F2762C49700C67DEC /* Appointment.swift in Sources */,
				54BE3876274379C90011F1C9 /* SelectProcedureView.swift in Sources */,
				54BE385A2740F39B0011F1C9 /* ContentView.swift in Sources */,
				DDB6F35B27629F7700C67DEC /* ScheduleView.swift in Sources */,
				DDB6F3622762E54000C67DEC /* ConfirmAppointmentView.swift in Sources */,
				54BE38732741F26F0011F1C9 /* AppointmentPreviewView.swift in Sources */,
				54BE38582740F39B0011F1C9 /* KeyPlasticSurgeryApp.swift in Sources */,
			);
			runOnlyForDeploymentPostprocessing = 0;
		};
		54BE383F2740F39B0011F1C9 /* Sources */ = {
			isa = PBXSourcesBuildPhase;
			buildActionMask = 2147483647;
			files = (
				54BE384A2740F39B0011F1C9 /* Tests_iOSLaunchTests.swift in Sources */,
				54BE38482740F39B0011F1C9 /* Tests_iOS.swift in Sources */,
			);
			runOnlyForDeploymentPostprocessing = 0;
		};
		54BE384B2740F39B0011F1C9 /* Sources */ = {
			isa = PBXSourcesBuildPhase;
			buildActionMask = 2147483647;
			files = (
				54BE38562740F39B0011F1C9 /* Tests_macOSLaunchTests.swift in Sources */,
				54BE38542740F39B0011F1C9 /* Tests_macOS.swift in Sources */,
			);
			runOnlyForDeploymentPostprocessing = 0;
		};
/* End PBXSourcesBuildPhase section */

/* Begin PBXTargetDependency section */
		54BE38452740F39B0011F1C9 /* PBXTargetDependency */ = {
			isa = PBXTargetDependency;
			target = 54BE38352740F39B0011F1C9 /* KeyPlasticSurgery (iOS) */;
			targetProxy = 54BE38442740F39B0011F1C9 /* PBXContainerItemProxy */;
		};
		54BE38512740F39B0011F1C9 /* PBXTargetDependency */ = {
			isa = PBXTargetDependency;
			target = 54BE383B2740F39B0011F1C9 /* KeyPlasticSurgery (macOS) */;
			targetProxy = 54BE38502740F39B0011F1C9 /* PBXContainerItemProxy */;
		};
/* End PBXTargetDependency section */

/* Begin XCBuildConfiguration section */
		54BE385D2740F39B0011F1C9 /* Debug */ = {
			isa = XCBuildConfiguration;
			buildSettings = {
				ALWAYS_SEARCH_USER_PATHS = NO;
				CLANG_ANALYZER_NONNULL = YES;
				CLANG_ANALYZER_NUMBER_OBJECT_CONVERSION = YES_AGGRESSIVE;
				CLANG_CXX_LANGUAGE_STANDARD = "gnu++17";
				CLANG_CXX_LIBRARY = "libc++";
				CLANG_ENABLE_MODULES = YES;
				CLANG_ENABLE_OBJC_ARC = YES;
				CLANG_ENABLE_OBJC_WEAK = YES;
				CLANG_WARN_BLOCK_CAPTURE_AUTORELEASING = YES;
				CLANG_WARN_BOOL_CONVERSION = YES;
				CLANG_WARN_COMMA = YES;
				CLANG_WARN_CONSTANT_CONVERSION = YES;
				CLANG_WARN_DEPRECATED_OBJC_IMPLEMENTATIONS = YES;
				CLANG_WARN_DIRECT_OBJC_ISA_USAGE = YES_ERROR;
				CLANG_WARN_DOCUMENTATION_COMMENTS = YES;
				CLANG_WARN_EMPTY_BODY = YES;
				CLANG_WARN_ENUM_CONVERSION = YES;
				CLANG_WARN_INFINITE_RECURSION = YES;
				CLANG_WARN_INT_CONVERSION = YES;
				CLANG_WARN_NON_LITERAL_NULL_CONVERSION = YES;
				CLANG_WARN_OBJC_IMPLICIT_RETAIN_SELF = YES;
				CLANG_WARN_OBJC_LITERAL_CONVERSION = YES;
				CLANG_WARN_OBJC_ROOT_CLASS = YES_ERROR;
				CLANG_WARN_QUOTED_INCLUDE_IN_FRAMEWORK_HEADER = YES;
				CLANG_WARN_RANGE_LOOP_ANALYSIS = YES;
				CLANG_WARN_STRICT_PROTOTYPES = YES;
				CLANG_WARN_SUSPICIOUS_MOVE = YES;
				CLANG_WARN_UNGUARDED_AVAILABILITY = YES_AGGRESSIVE;
				CLANG_WARN_UNREACHABLE_CODE = YES;
				CLANG_WARN__DUPLICATE_METHOD_MATCH = YES;
				COPY_PHASE_STRIP = NO;
				DEBUG_INFORMATION_FORMAT = dwarf;
				ENABLE_STRICT_OBJC_MSGSEND = YES;
				ENABLE_TESTABILITY = YES;
				GCC_C_LANGUAGE_STANDARD = gnu11;
				GCC_DYNAMIC_NO_PIC = NO;
				GCC_NO_COMMON_BLOCKS = YES;
				GCC_OPTIMIZATION_LEVEL = 0;
				GCC_PREPROCESSOR_DEFINITIONS = (
					"DEBUG=1",
					"$(inherited)",
				);
				GCC_WARN_64_TO_32_BIT_CONVERSION = YES;
				GCC_WARN_ABOUT_RETURN_TYPE = YES_ERROR;
				GCC_WARN_UNDECLARED_SELECTOR = YES;
				GCC_WARN_UNINITIALIZED_AUTOS = YES_AGGRESSIVE;
				GCC_WARN_UNUSED_FUNCTION = YES;
				GCC_WARN_UNUSED_VARIABLE = YES;
				MTL_ENABLE_DEBUG_INFO = INCLUDE_SOURCE;
				MTL_FAST_MATH = YES;
				ONLY_ACTIVE_ARCH = YES;
				SWIFT_ACTIVE_COMPILATION_CONDITIONS = DEBUG;
				SWIFT_OPTIMIZATION_LEVEL = "-Onone";
			};
			name = Debug;
		};
		54BE385E2740F39B0011F1C9 /* Release */ = {
			isa = XCBuildConfiguration;
			buildSettings = {
				ALWAYS_SEARCH_USER_PATHS = NO;
				CLANG_ANALYZER_NONNULL = YES;
				CLANG_ANALYZER_NUMBER_OBJECT_CONVERSION = YES_AGGRESSIVE;
				CLANG_CXX_LANGUAGE_STANDARD = "gnu++17";
				CLANG_CXX_LIBRARY = "libc++";
				CLANG_ENABLE_MODULES = YES;
				CLANG_ENABLE_OBJC_ARC = YES;
				CLANG_ENABLE_OBJC_WEAK = YES;
				CLANG_WARN_BLOCK_CAPTURE_AUTORELEASING = YES;
				CLANG_WARN_BOOL_CONVERSION = YES;
				CLANG_WARN_COMMA = YES;
				CLANG_WARN_CONSTANT_CONVERSION = YES;
				CLANG_WARN_DEPRECATED_OBJC_IMPLEMENTATIONS = YES;
				CLANG_WARN_DIRECT_OBJC_ISA_USAGE = YES_ERROR;
				CLANG_WARN_DOCUMENTATION_COMMENTS = YES;
				CLANG_WARN_EMPTY_BODY = YES;
				CLANG_WARN_ENUM_CONVERSION = YES;
				CLANG_WARN_INFINITE_RECURSION = YES;
				CLANG_WARN_INT_CONVERSION = YES;
				CLANG_WARN_NON_LITERAL_NULL_CONVERSION = YES;
				CLANG_WARN_OBJC_IMPLICIT_RETAIN_SELF = YES;
				CLANG_WARN_OBJC_LITERAL_CONVERSION = YES;
				CLANG_WARN_OBJC_ROOT_CLASS = YES_ERROR;
				CLANG_WARN_QUOTED_INCLUDE_IN_FRAMEWORK_HEADER = YES;
				CLANG_WARN_RANGE_LOOP_ANALYSIS = YES;
				CLANG_WARN_STRICT_PROTOTYPES = YES;
				CLANG_WARN_SUSPICIOUS_MOVE = YES;
				CLANG_WARN_UNGUARDED_AVAILABILITY = YES_AGGRESSIVE;
				CLANG_WARN_UNREACHABLE_CODE = YES;
				CLANG_WARN__DUPLICATE_METHOD_MATCH = YES;
				COPY_PHASE_STRIP = NO;
				DEBUG_INFORMATION_FORMAT = "dwarf-with-dsym";
				ENABLE_NS_ASSERTIONS = NO;
				ENABLE_STRICT_OBJC_MSGSEND = YES;
				GCC_C_LANGUAGE_STANDARD = gnu11;
				GCC_NO_COMMON_BLOCKS = YES;
				GCC_WARN_64_TO_32_BIT_CONVERSION = YES;
				GCC_WARN_ABOUT_RETURN_TYPE = YES_ERROR;
				GCC_WARN_UNDECLARED_SELECTOR = YES;
				GCC_WARN_UNINITIALIZED_AUTOS = YES_AGGRESSIVE;
				GCC_WARN_UNUSED_FUNCTION = YES;
				GCC_WARN_UNUSED_VARIABLE = YES;
				MTL_ENABLE_DEBUG_INFO = NO;
				MTL_FAST_MATH = YES;
				SWIFT_COMPILATION_MODE = wholemodule;
				SWIFT_OPTIMIZATION_LEVEL = "-O";
			};
			name = Release;
		};
		54BE38602740F39B0011F1C9 /* Debug */ = {
			isa = XCBuildConfiguration;
			buildSettings = {
				ASSETCATALOG_COMPILER_APPICON_NAME = AppIcon;
				ASSETCATALOG_COMPILER_GLOBAL_ACCENT_COLOR_NAME = AccentColor;
				CODE_SIGN_STYLE = Automatic;
				CURRENT_PROJECT_VERSION = 1;
				DEVELOPMENT_TEAM = 95G5LM38P8;
				ENABLE_PREVIEWS = YES;
				GENERATE_INFOPLIST_FILE = YES;
				INFOPLIST_KEY_UIApplicationSceneManifest_Generation = YES;
				INFOPLIST_KEY_UIApplicationSupportsIndirectInputEvents = YES;
				INFOPLIST_KEY_UILaunchScreen_Generation = YES;
				INFOPLIST_KEY_UISupportedInterfaceOrientations_iPad = "UIInterfaceOrientationPortrait UIInterfaceOrientationPortraitUpsideDown UIInterfaceOrientationLandscapeLeft UIInterfaceOrientationLandscapeRight";
				INFOPLIST_KEY_UISupportedInterfaceOrientations_iPhone = "UIInterfaceOrientationPortrait UIInterfaceOrientationLandscapeLeft UIInterfaceOrientationLandscapeRight";
				IPHONEOS_DEPLOYMENT_TARGET = 15.0;
				LD_RUNPATH_SEARCH_PATHS = (
					"$(inherited)",
					"@executable_path/Frameworks",
				);
				MARKETING_VERSION = 1.0;
				PRODUCT_BUNDLE_IDENTIFIER = com.knezzy.KeyPlasticSurgery;
				PRODUCT_NAME = KeyPlasticSurgery;
				SDKROOT = iphoneos;
				SWIFT_EMIT_LOC_STRINGS = YES;
				SWIFT_VERSION = 5.0;
				TARGETED_DEVICE_FAMILY = "1,2";
			};
			name = Debug;
		};
		54BE38612740F39B0011F1C9 /* Release */ = {
			isa = XCBuildConfiguration;
			buildSettings = {
				ASSETCATALOG_COMPILER_APPICON_NAME = AppIcon;
				ASSETCATALOG_COMPILER_GLOBAL_ACCENT_COLOR_NAME = AccentColor;
				CODE_SIGN_STYLE = Automatic;
				CURRENT_PROJECT_VERSION = 1;
				DEVELOPMENT_TEAM = 95G5LM38P8;
				ENABLE_PREVIEWS = YES;
				GENERATE_INFOPLIST_FILE = YES;
				INFOPLIST_KEY_UIApplicationSceneManifest_Generation = YES;
				INFOPLIST_KEY_UIApplicationSupportsIndirectInputEvents = YES;
				INFOPLIST_KEY_UILaunchScreen_Generation = YES;
				INFOPLIST_KEY_UISupportedInterfaceOrientations_iPad = "UIInterfaceOrientationPortrait UIInterfaceOrientationPortraitUpsideDown UIInterfaceOrientationLandscapeLeft UIInterfaceOrientationLandscapeRight";
				INFOPLIST_KEY_UISupportedInterfaceOrientations_iPhone = "UIInterfaceOrientationPortrait UIInterfaceOrientationLandscapeLeft UIInterfaceOrientationLandscapeRight";
				IPHONEOS_DEPLOYMENT_TARGET = 15.0;
				LD_RUNPATH_SEARCH_PATHS = (
					"$(inherited)",
					"@executable_path/Frameworks",
				);
				MARKETING_VERSION = 1.0;
				PRODUCT_BUNDLE_IDENTIFIER = com.knezzy.KeyPlasticSurgery;
				PRODUCT_NAME = KeyPlasticSurgery;
				SDKROOT = iphoneos;
				SWIFT_EMIT_LOC_STRINGS = YES;
				SWIFT_VERSION = 5.0;
				TARGETED_DEVICE_FAMILY = "1,2";
				VALIDATE_PRODUCT = YES;
			};
			name = Release;
		};
		54BE38632740F39B0011F1C9 /* Debug */ = {
			isa = XCBuildConfiguration;
			buildSettings = {
				ASSETCATALOG_COMPILER_APPICON_NAME = AppIcon;
				ASSETCATALOG_COMPILER_GLOBAL_ACCENT_COLOR_NAME = AccentColor;
				CODE_SIGN_ENTITLEMENTS = macOS/macOS.entitlements;
				CODE_SIGN_STYLE = Automatic;
				COMBINE_HIDPI_IMAGES = YES;
				CURRENT_PROJECT_VERSION = 1;
				DEVELOPMENT_TEAM = 95G5LM38P8;
				ENABLE_HARDENED_RUNTIME = YES;
				ENABLE_PREVIEWS = YES;
				GENERATE_INFOPLIST_FILE = YES;
				INFOPLIST_KEY_NSHumanReadableCopyright = "";
				LD_RUNPATH_SEARCH_PATHS = (
					"$(inherited)",
					"@executable_path/../Frameworks",
				);
				MACOSX_DEPLOYMENT_TARGET = 11.5;
				MARKETING_VERSION = 1.0;
				PRODUCT_BUNDLE_IDENTIFIER = com.knezzy.KeyPlasticSurgery;
				PRODUCT_NAME = KeyPlasticSurgery;
				SDKROOT = macosx;
				SWIFT_EMIT_LOC_STRINGS = YES;
				SWIFT_VERSION = 5.0;
			};
			name = Debug;
		};
		54BE38642740F39B0011F1C9 /* Release */ = {
			isa = XCBuildConfiguration;
			buildSettings = {
				ASSETCATALOG_COMPILER_APPICON_NAME = AppIcon;
				ASSETCATALOG_COMPILER_GLOBAL_ACCENT_COLOR_NAME = AccentColor;
				CODE_SIGN_ENTITLEMENTS = macOS/macOS.entitlements;
				CODE_SIGN_STYLE = Automatic;
				COMBINE_HIDPI_IMAGES = YES;
				CURRENT_PROJECT_VERSION = 1;
				DEVELOPMENT_TEAM = 95G5LM38P8;
				ENABLE_HARDENED_RUNTIME = YES;
				ENABLE_PREVIEWS = YES;
				GENERATE_INFOPLIST_FILE = YES;
				INFOPLIST_KEY_NSHumanReadableCopyright = "";
				LD_RUNPATH_SEARCH_PATHS = (
					"$(inherited)",
					"@executable_path/../Frameworks",
				);
				MACOSX_DEPLOYMENT_TARGET = 11.5;
				MARKETING_VERSION = 1.0;
				PRODUCT_BUNDLE_IDENTIFIER = com.knezzy.KeyPlasticSurgery;
				PRODUCT_NAME = KeyPlasticSurgery;
				SDKROOT = macosx;
				SWIFT_EMIT_LOC_STRINGS = YES;
				SWIFT_VERSION = 5.0;
			};
			name = Release;
		};
		54BE38662740F39B0011F1C9 /* Debug */ = {
			isa = XCBuildConfiguration;
			buildSettings = {
				ALWAYS_EMBED_SWIFT_STANDARD_LIBRARIES = YES;
				CODE_SIGN_STYLE = Automatic;
				CURRENT_PROJECT_VERSION = 1;
				DEVELOPMENT_TEAM = 95G5LM38P8;
				GENERATE_INFOPLIST_FILE = YES;
				IPHONEOS_DEPLOYMENT_TARGET = 15.0;
				LD_RUNPATH_SEARCH_PATHS = (
					"$(inherited)",
					"@executable_path/Frameworks",
					"@loader_path/Frameworks",
				);
				MARKETING_VERSION = 1.0;
				PRODUCT_BUNDLE_IDENTIFIER = "com.knezzy.Tests-iOS";
				PRODUCT_NAME = "$(TARGET_NAME)";
				SDKROOT = iphoneos;
				SWIFT_EMIT_LOC_STRINGS = NO;
				SWIFT_VERSION = 5.0;
				TARGETED_DEVICE_FAMILY = "1,2";
				TEST_TARGET_NAME = "KeyPlasticSurgery (iOS)";
			};
			name = Debug;
		};
		54BE38672740F39B0011F1C9 /* Release */ = {
			isa = XCBuildConfiguration;
			buildSettings = {
				ALWAYS_EMBED_SWIFT_STANDARD_LIBRARIES = YES;
				CODE_SIGN_STYLE = Automatic;
				CURRENT_PROJECT_VERSION = 1;
				DEVELOPMENT_TEAM = 95G5LM38P8;
				GENERATE_INFOPLIST_FILE = YES;
				IPHONEOS_DEPLOYMENT_TARGET = 15.0;
				LD_RUNPATH_SEARCH_PATHS = (
					"$(inherited)",
					"@executable_path/Frameworks",
					"@loader_path/Frameworks",
				);
				MARKETING_VERSION = 1.0;
				PRODUCT_BUNDLE_IDENTIFIER = "com.knezzy.Tests-iOS";
				PRODUCT_NAME = "$(TARGET_NAME)";
				SDKROOT = iphoneos;
				SWIFT_EMIT_LOC_STRINGS = NO;
				SWIFT_VERSION = 5.0;
				TARGETED_DEVICE_FAMILY = "1,2";
				TEST_TARGET_NAME = "KeyPlasticSurgery (iOS)";
				VALIDATE_PRODUCT = YES;
			};
			name = Release;
		};
		54BE38692740F39B0011F1C9 /* Debug */ = {
			isa = XCBuildConfiguration;
			buildSettings = {
				ALWAYS_EMBED_SWIFT_STANDARD_LIBRARIES = YES;
				CODE_SIGN_STYLE = Automatic;
				COMBINE_HIDPI_IMAGES = YES;
				CURRENT_PROJECT_VERSION = 1;
				DEVELOPMENT_TEAM = 95G5LM38P8;
				GENERATE_INFOPLIST_FILE = YES;
				LD_RUNPATH_SEARCH_PATHS = (
					"$(inherited)",
					"@executable_path/../Frameworks",
					"@loader_path/../Frameworks",
				);
				MACOSX_DEPLOYMENT_TARGET = 11.5;
				MARKETING_VERSION = 1.0;
				PRODUCT_BUNDLE_IDENTIFIER = "com.knezzy.Tests-macOS";
				PRODUCT_NAME = "$(TARGET_NAME)";
				SDKROOT = macosx;
				SWIFT_EMIT_LOC_STRINGS = NO;
				SWIFT_VERSION = 5.0;
				TEST_TARGET_NAME = "KeyPlasticSurgery (macOS)";
			};
			name = Debug;
		};
		54BE386A2740F39B0011F1C9 /* Release */ = {
			isa = XCBuildConfiguration;
			buildSettings = {
				ALWAYS_EMBED_SWIFT_STANDARD_LIBRARIES = YES;
				CODE_SIGN_STYLE = Automatic;
				COMBINE_HIDPI_IMAGES = YES;
				CURRENT_PROJECT_VERSION = 1;
				DEVELOPMENT_TEAM = 95G5LM38P8;
				GENERATE_INFOPLIST_FILE = YES;
				LD_RUNPATH_SEARCH_PATHS = (
					"$(inherited)",
					"@executable_path/../Frameworks",
					"@loader_path/../Frameworks",
				);
				MACOSX_DEPLOYMENT_TARGET = 11.5;
				MARKETING_VERSION = 1.0;
				PRODUCT_BUNDLE_IDENTIFIER = "com.knezzy.Tests-macOS";
				PRODUCT_NAME = "$(TARGET_NAME)";
				SDKROOT = macosx;
				SWIFT_EMIT_LOC_STRINGS = NO;
				SWIFT_VERSION = 5.0;
				TEST_TARGET_NAME = "KeyPlasticSurgery (macOS)";
			};
			name = Release;
		};
/* End XCBuildConfiguration section */

/* Begin XCConfigurationList section */
		54BE382D2740F3990011F1C9 /* Build configuration list for PBXProject "KeyPlasticSurgery" */ = {
			isa = XCConfigurationList;
			buildConfigurations = (
				54BE385D2740F39B0011F1C9 /* Debug */,
				54BE385E2740F39B0011F1C9 /* Release */,
			);
			defaultConfigurationIsVisible = 0;
			defaultConfigurationName = Release;
		};
		54BE385F2740F39B0011F1C9 /* Build configuration list for PBXNativeTarget "KeyPlasticSurgery (iOS)" */ = {
			isa = XCConfigurationList;
			buildConfigurations = (
				54BE38602740F39B0011F1C9 /* Debug */,
				54BE38612740F39B0011F1C9 /* Release */,
			);
			defaultConfigurationIsVisible = 0;
			defaultConfigurationName = Release;
		};
		54BE38622740F39B0011F1C9 /* Build configuration list for PBXNativeTarget "KeyPlasticSurgery (macOS)" */ = {
			isa = XCConfigurationList;
			buildConfigurations = (
				54BE38632740F39B0011F1C9 /* Debug */,
				54BE38642740F39B0011F1C9 /* Release */,
			);
			defaultConfigurationIsVisible = 0;
			defaultConfigurationName = Release;
		};
		54BE38652740F39B0011F1C9 /* Build configuration list for PBXNativeTarget "Tests iOS" */ = {
			isa = XCConfigurationList;
			buildConfigurations = (
				54BE38662740F39B0011F1C9 /* Debug */,
				54BE38672740F39B0011F1C9 /* Release */,
			);
			defaultConfigurationIsVisible = 0;
			defaultConfigurationName = Release;
		};
		54BE38682740F39B0011F1C9 /* Build configuration list for PBXNativeTarget "Tests macOS" */ = {
			isa = XCConfigurationList;
			buildConfigurations = (
				54BE38692740F39B0011F1C9 /* Debug */,
				54BE386A2740F39B0011F1C9 /* Release */,
			);
			defaultConfigurationIsVisible = 0;
			defaultConfigurationName = Release;
		};
/* End XCConfigurationList section */
	};
	rootObject = 54BE382A2740F3990011F1C9 /* Project object */;
}
